// !$*UTF8*$!
{
	archiveVersion = 1;
	classes = {
	};
	objectVersion = 56;
	objects = {

/* Begin PBXBuildFile section */
		270B7AD929C0447300F829C6 /* TabBarViewController.swift in Sources */ = {isa = PBXBuildFile; fileRef = 270B7AD829C0447300F829C6 /* TabBarViewController.swift */; };
		2788AB5E29B700CC003ABB4C /* CollectionViewController.swift in Sources */ = {isa = PBXBuildFile; fileRef = 2788AB5D29B700CC003ABB4C /* CollectionViewController.swift */; };
		2788AB6029B70A15003ABB4C /* CollectionViewCell.swift in Sources */ = {isa = PBXBuildFile; fileRef = 2788AB5F29B70A15003ABB4C /* CollectionViewCell.swift */; };
		2798FE6329B278B80024B26F /* AppDelegate.swift in Sources */ = {isa = PBXBuildFile; fileRef = 2798FE6229B278B80024B26F /* AppDelegate.swift */; };
		2798FE6529B278B80024B26F /* SceneDelegate.swift in Sources */ = {isa = PBXBuildFile; fileRef = 2798FE6429B278B80024B26F /* SceneDelegate.swift */; };
		2798FE6729B278B80024B26F /* MoviesViewController.swift in Sources */ = {isa = PBXBuildFile; fileRef = 2798FE6629B278B80024B26F /* MoviesViewController.swift */; };
		2798FE6A29B278B80024B26F /* Main.storyboard in Resources */ = {isa = PBXBuildFile; fileRef = 2798FE6829B278B80024B26F /* Main.storyboard */; };
		2798FE6C29B278B90024B26F /* Assets.xcassets in Resources */ = {isa = PBXBuildFile; fileRef = 2798FE6B29B278B90024B26F /* Assets.xcassets */; };
		2798FE6F29B278B90024B26F /* LaunchScreen.storyboard in Resources */ = {isa = PBXBuildFile; fileRef = 2798FE6D29B278B90024B26F /* LaunchScreen.storyboard */; };
		2798FE7829B27E2F0024B26F /* Movie.swift in Sources */ = {isa = PBXBuildFile; fileRef = 2798FE7729B27E2F0024B26F /* Movie.swift */; };
		2798FE7C29B288EF0024B26F /* MovieCell.swift in Sources */ = {isa = PBXBuildFile; fileRef = 2798FE7B29B288EF0024B26F /* MovieCell.swift */; };
		2798FE7F29B28DA30024B26F /* Nuke in Frameworks */ = {isa = PBXBuildFile; productRef = 2798FE7E29B28DA30024B26F /* Nuke */; };
		2798FE8129B3A4560024B26F /* DetailViewController.swift in Sources */ = {isa = PBXBuildFile; fileRef = 2798FE8029B3A4560024B26F /* DetailViewController.swift */; };
/* End PBXBuildFile section */

/* Begin PBXFileReference section */
		270B7AD829C0447300F829C6 /* TabBarViewController.swift */ = {isa = PBXFileReference; lastKnownFileType = sourcecode.swift; path = TabBarViewController.swift; sourceTree = "<group>"; };
		2788AB5D29B700CC003ABB4C /* CollectionViewController.swift */ = {isa = PBXFileReference; lastKnownFileType = sourcecode.swift; path = CollectionViewController.swift; sourceTree = "<group>"; };
		2788AB5F29B70A15003ABB4C /* CollectionViewCell.swift */ = {isa = PBXFileReference; lastKnownFileType = sourcecode.swift; path = CollectionViewCell.swift; sourceTree = "<group>"; };
		2798FE5F29B278B80024B26F /* Flixster.app */ = {isa = PBXFileReference; explicitFileType = wrapper.application; includeInIndex = 0; path = Flixster.app; sourceTree = BUILT_PRODUCTS_DIR; };
		2798FE6229B278B80024B26F /* AppDelegate.swift */ = {isa = PBXFileReference; lastKnownFileType = sourcecode.swift; path = AppDelegate.swift; sourceTree = "<group>"; };
		2798FE6429B278B80024B26F /* SceneDelegate.swift */ = {isa = PBXFileReference; lastKnownFileType = sourcecode.swift; path = SceneDelegate.swift; sourceTree = "<group>"; };
		2798FE6629B278B80024B26F /* MoviesViewController.swift */ = {isa = PBXFileReference; lastKnownFileType = sourcecode.swift; path = MoviesViewController.swift; sourceTree = "<group>"; };
		2798FE6929B278B80024B26F /* Base */ = {isa = PBXFileReference; lastKnownFileType = file.storyboard; name = Base; path = Base.lproj/Main.storyboard; sourceTree = "<group>"; };
		2798FE6B29B278B90024B26F /* Assets.xcassets */ = {isa = PBXFileReference; lastKnownFileType = folder.assetcatalog; path = Assets.xcassets; sourceTree = "<group>"; };
		2798FE6E29B278B90024B26F /* Base */ = {isa = PBXFileReference; lastKnownFileType = file.storyboard; name = Base; path = Base.lproj/LaunchScreen.storyboard; sourceTree = "<group>"; };
		2798FE7029B278B90024B26F /* Info.plist */ = {isa = PBXFileReference; lastKnownFileType = text.plist.xml; path = Info.plist; sourceTree = "<group>"; };
		2798FE7729B27E2F0024B26F /* Movie.swift */ = {isa = PBXFileReference; lastKnownFileType = sourcecode.swift; path = Movie.swift; sourceTree = "<group>"; };
		2798FE7B29B288EF0024B26F /* MovieCell.swift */ = {isa = PBXFileReference; lastKnownFileType = sourcecode.swift; path = MovieCell.swift; sourceTree = "<group>"; };
		2798FE8029B3A4560024B26F /* DetailViewController.swift */ = {isa = PBXFileReference; lastKnownFileType = sourcecode.swift; path = DetailViewController.swift; sourceTree = "<group>"; };
/* End PBXFileReference section */

/* Begin PBXFrameworksBuildPhase section */
		2798FE5C29B278B80024B26F /* Frameworks */ = {
			isa = PBXFrameworksBuildPhase;
			buildActionMask = 2147483647;
			files = (
				2798FE7F29B28DA30024B26F /* Nuke in Frameworks */,
			);
			runOnlyForDeploymentPostprocessing = 0;
		};
/* End PBXFrameworksBuildPhase section */

/* Begin PBXGroup section */
		2798FE5629B278B80024B26F = {
			isa = PBXGroup;
			children = (
				2798FE6129B278B80024B26F /* Flixster */,
				2798FE6029B278B80024B26F /* Products */,
			);
			sourceTree = "<group>";
		};
		2798FE6029B278B80024B26F /* Products */ = {
			isa = PBXGroup;
			children = (
				2798FE5F29B278B80024B26F /* Flixster.app */,
			);
			name = Products;
			sourceTree = "<group>";
		};
		2798FE6129B278B80024B26F /* Flixster */ = {
			isa = PBXGroup;
			children = (
				2798FE7629B27E150024B26F /* Models */,
				2798FE6229B278B80024B26F /* AppDelegate.swift */,
				2798FE6429B278B80024B26F /* SceneDelegate.swift */,
				270B7AD829C0447300F829C6 /* TabBarViewController.swift */,
				2798FE6629B278B80024B26F /* MoviesViewController.swift */,
				2798FE7B29B288EF0024B26F /* MovieCell.swift */,
				2798FE8029B3A4560024B26F /* DetailViewController.swift */,
				2788AB5D29B700CC003ABB4C /* CollectionViewController.swift */,
				2788AB5F29B70A15003ABB4C /* CollectionViewCell.swift */,
				2798FE6829B278B80024B26F /* Main.storyboard */,
				2798FE6B29B278B90024B26F /* Assets.xcassets */,
				2798FE6D29B278B90024B26F /* LaunchScreen.storyboard */,
				2798FE7029B278B90024B26F /* Info.plist */,
			);
			path = Flixster;
			sourceTree = "<group>";
		};
		2798FE7629B27E150024B26F /* Models */ = {
			isa = PBXGroup;
			children = (
				2798FE7729B27E2F0024B26F /* Movie.swift */,
			);
			path = Models;
			sourceTree = "<group>";
		};
/* End PBXGroup section */

/* Begin PBXNativeTarget section */
		2798FE5E29B278B80024B26F /* Flixster */ = {
			isa = PBXNativeTarget;
			buildConfigurationList = 2798FE7329B278B90024B26F /* Build configuration list for PBXNativeTarget "Flixster" */;
			buildPhases = (
				2798FE5B29B278B80024B26F /* Sources */,
				2798FE5C29B278B80024B26F /* Frameworks */,
				2798FE5D29B278B80024B26F /* Resources */,
			);
			buildRules = (
			);
			dependencies = (
			);
			name = Flixster;
			packageProductDependencies = (
				2798FE7E29B28DA30024B26F /* Nuke */,
			);
			productName = Flixster;
			productReference = 2798FE5F29B278B80024B26F /* Flixster.app */;
			productType = "com.apple.product-type.application";
		};
/* End PBXNativeTarget section */

/* Begin PBXProject section */
		2798FE5729B278B80024B26F /* Project object */ = {
			isa = PBXProject;
			attributes = {
				BuildIndependentTargetsInParallel = 1;
				LastSwiftUpdateCheck = 1420;
				LastUpgradeCheck = 1420;
				TargetAttributes = {
					2798FE5E29B278B80024B26F = {
						CreatedOnToolsVersion = 14.2;
					};
				};
			};
			buildConfigurationList = 2798FE5A29B278B80024B26F /* Build configuration list for PBXProject "Flixster" */;
			compatibilityVersion = "Xcode 14.0";
			developmentRegion = en;
			hasScannedForEncodings = 0;
			knownRegions = (
				en,
				Base,
			);
			mainGroup = 2798FE5629B278B80024B26F;
			packageReferences = (
				2798FE7D29B28DA30024B26F /* XCRemoteSwiftPackageReference "Nuke" */,
			);
			productRefGroup = 2798FE6029B278B80024B26F /* Products */;
			projectDirPath = "";
			projectRoot = "";
			targets = (
				2798FE5E29B278B80024B26F /* Flixster */,
			);
		};
/* End PBXProject section */

/* Begin PBXResourcesBuildPhase section */
		2798FE5D29B278B80024B26F /* Resources */ = {
			isa = PBXResourcesBuildPhase;
			buildActionMask = 2147483647;
			files = (
				2798FE6F29B278B90024B26F /* LaunchScreen.storyboard in Resources */,
				2798FE6C29B278B90024B26F /* Assets.xcassets in Resources */,
				2798FE6A29B278B80024B26F /* Main.storyboard in Resources */,
			);
			runOnlyForDeploymentPostprocessing = 0;
		};
/* End PBXResourcesBuildPhase section */

/* Begin PBXSourcesBuildPhase section */
		2798FE5B29B278B80024B26F /* Sources */ = {
			isa = PBXSourcesBuildPhase;
			buildActionMask = 2147483647;
			files = (
				2798FE6729B278B80024B26F /* MoviesViewController.swift in Sources */,
				2798FE6329B278B80024B26F /* AppDelegate.swift in Sources */,
				2788AB6029B70A15003ABB4C /* CollectionViewCell.swift in Sources */,
				2798FE7829B27E2F0024B26F /* Movie.swift in Sources */,
				270B7AD929C0447300F829C6 /* TabBarViewController.swift in Sources */,
				2798FE8129B3A4560024B26F /* DetailViewController.swift in Sources */,
				2788AB5E29B700CC003ABB4C /* CollectionViewController.swift in Sources */,
				2798FE7C29B288EF0024B26F /* MovieCell.swift in Sources */,
				2798FE6529B278B80024B26F /* SceneDelegate.swift in Sources */,
			);
			runOnlyForDeploymentPostprocessing = 0;
		};
/* End PBXSourcesBuildPhase section */

/* Begin PBXVariantGroup section */
		2798FE6829B278B80024B26F /* Main.storyboard */ = {
			isa = PBXVariantGroup;
			children = (
				2798FE6929B278B80024B26F /* Base */,
			);
			name = Main.storyboard;
			sourceTree = "<group>";
		};
		2798FE6D29B278B90024B26F /* LaunchScreen.storyboard */ = {
			isa = PBXVariantGroup;
			children = (
				2798FE6E29B278B90024B26F /* Base */,
			);
			name = LaunchScreen.storyboard;
			sourceTree = "<group>";
		};
/* End PBXVariantGroup section */

/* Begin XCBuildConfiguration section */
		2798FE7129B278B90024B26F /* Debug */ = {
			isa = XCBuildConfiguration;
			buildSettings = {
				ALWAYS_SEARCH_USER_PATHS = NO;
				CLANG_ANALYZER_NONNULL = YES;
				CLANG_ANALYZER_NUMBER_OBJECT_CONVERSION = YES_AGGRESSIVE;
				CLANG_CXX_LANGUAGE_STANDARD = "gnu++20";
				CLANG_ENABLE_MODULES = YES;
				CLANG_ENABLE_OBJC_ARC = YES;
				CLANG_ENABLE_OBJC_WEAK = YES;
				CLANG_WARN_BLOCK_CAPTURE_AUTORELEASING = YES;
				CLANG_WARN_BOOL_CONVERSION = YES;
				CLANG_WARN_COMMA = YES;
				CLANG_WARN_CONSTANT_CONVERSION = YES;
				CLANG_WARN_DEPRECATED_OBJC_IMPLEMENTATIONS = YES;
				CLANG_WARN_DIRECT_OBJC_ISA_USAGE = YES_ERROR;
				CLANG_WARN_DOCUMENTATION_COMMENTS = YES;
				CLANG_WARN_EMPTY_BODY = YES;
				CLANG_WARN_ENUM_CONVERSION = YES;
				CLANG_WARN_INFINITE_RECURSION = YES;
				CLANG_WARN_INT_CONVERSION = YES;
				CLANG_WARN_NON_LITERAL_NULL_CONVERSION = YES;
				CLANG_WARN_OBJC_IMPLICIT_RETAIN_SELF = YES;
				CLANG_WARN_OBJC_LITERAL_CONVERSION = YES;
				CLANG_WARN_OBJC_ROOT_CLASS = YES_ERROR;
				CLANG_WARN_QUOTED_INCLUDE_IN_FRAMEWORK_HEADER = YES;
				CLANG_WARN_RANGE_LOOP_ANALYSIS = YES;
				CLANG_WARN_STRICT_PROTOTYPES = YES;
				CLANG_WARN_SUSPICIOUS_MOVE = YES;
				CLANG_WARN_UNGUARDED_AVAILABILITY = YES_AGGRESSIVE;
				CLANG_WARN_UNREACHABLE_CODE = YES;
				CLANG_WARN__DUPLICATE_METHOD_MATCH = YES;
				COPY_PHASE_STRIP = NO;
				DEBUG_INFORMATION_FORMAT = dwarf;
				ENABLE_STRICT_OBJC_MSGSEND = YES;
				ENABLE_TESTABILITY = YES;
				GCC_C_LANGUAGE_STANDARD = gnu11;
				GCC_DYNAMIC_NO_PIC = NO;
				GCC_NO_COMMON_BLOCKS = YES;
				GCC_OPTIMIZATION_LEVEL = 0;
				GCC_PREPROCESSOR_DEFINITIONS = (
					"DEBUG=1",
					"$(inherited)",
				);
				GCC_WARN_64_TO_32_BIT_CONVERSION = YES;
				GCC_WARN_ABOUT_RETURN_TYPE = YES_ERROR;
				GCC_WARN_UNDECLARED_SELECTOR = YES;
				GCC_WARN_UNINITIALIZED_AUTOS = YES_AGGRESSIVE;
				GCC_WARN_UNUSED_FUNCTION = YES;
				GCC_WARN_UNUSED_VARIABLE = YES;
				IPHONEOS_DEPLOYMENT_TARGET = 16.2;
				MTL_ENABLE_DEBUG_INFO = INCLUDE_SOURCE;
				MTL_FAST_MATH = YES;
				ONLY_ACTIVE_ARCH = YES;
				SDKROOT = iphoneos;
				SWIFT_ACTIVE_COMPILATION_CONDITIONS = DEBUG;
				SWIFT_OPTIMIZATION_LEVEL = "-Onone";
			};
			name = Debug;
		};
		2798FE7229B278B90024B26F /* Release */ = {
			isa = XCBuildConfiguration;
			buildSettings = {
				ALWAYS_SEARCH_USER_PATHS = NO;
				CLANG_ANALYZER_NONNULL = YES;
				CLANG_ANALYZER_NUMBER_OBJECT_CONVERSION = YES_AGGRESSIVE;
				CLANG_CXX_LANGUAGE_STANDARD = "gnu++20";
				CLANG_ENABLE_MODULES = YES;
				CLANG_ENABLE_OBJC_ARC = YES;
				CLANG_ENABLE_OBJC_WEAK = YES;
				CLANG_WARN_BLOCK_CAPTURE_AUTORELEASING = YES;
				CLANG_WARN_BOOL_CONVERSION = YES;
				CLANG_WARN_COMMA = YES;
				CLANG_WARN_CONSTANT_CONVERSION = YES;
				CLANG_WARN_DEPRECATED_OBJC_IMPLEMENTATIONS = YES;
				CLANG_WARN_DIRECT_OBJC_ISA_USAGE = YES_ERROR;
				CLANG_WARN_DOCUMENTATION_COMMENTS = YES;
				CLANG_WARN_EMPTY_BODY = YES;
				CLANG_WARN_ENUM_CONVERSION = YES;
				CLANG_WARN_INFINITE_RECURSION = YES;
				CLANG_WARN_INT_CONVERSION = YES;
				CLANG_WARN_NON_LITERAL_NULL_CONVERSION = YES;
				CLANG_WARN_OBJC_IMPLICIT_RETAIN_SELF = YES;
				CLANG_WARN_OBJC_LITERAL_CONVERSION = YES;
				CLANG_WARN_OBJC_ROOT_CLASS = YES_ERROR;
				CLANG_WARN_QUOTED_INCLUDE_IN_FRAMEWORK_HEADER = YES;
				CLANG_WARN_RANGE_LOOP_ANALYSIS = YES;
				CLANG_WARN_STRICT_PROTOTYPES = YES;
				CLANG_WARN_SUSPICIOUS_MOVE = YES;
				CLANG_WARN_UNGUARDED_AVAILABILITY = YES_AGGRESSIVE;
				CLANG_WARN_UNREACHABLE_CODE = YES;
				CLANG_WARN__DUPLICATE_METHOD_MATCH = YES;
				COPY_PHASE_STRIP = NO;
				DEBUG_INFORMATION_FORMAT = "dwarf-with-dsym";
				ENABLE_NS_ASSERTIONS = NO;
				ENABLE_STRICT_OBJC_MSGSEND = YES;
				GCC_C_LANGUAGE_STANDARD = gnu11;
				GCC_NO_COMMON_BLOCKS = YES;
				GCC_WARN_64_TO_32_BIT_CONVERSION = YES;
				GCC_WARN_ABOUT_RETURN_TYPE = YES_ERROR;
				GCC_WARN_UNDECLARED_SELECTOR = YES;
				GCC_WARN_UNINITIALIZED_AUTOS = YES_AGGRESSIVE;
				GCC_WARN_UNUSED_FUNCTION = YES;
				GCC_WARN_UNUSED_VARIABLE = YES;
				IPHONEOS_DEPLOYMENT_TARGET = 16.2;
				MTL_ENABLE_DEBUG_INFO = NO;
				MTL_FAST_MATH = YES;
				SDKROOT = iphoneos;
				SWIFT_COMPILATION_MODE = wholemodule;
				SWIFT_OPTIMIZATION_LEVEL = "-O";
				VALIDATE_PRODUCT = YES;
			};
			name = Release;
		};
		2798FE7429B278B90024B26F /* Debug */ = {
			isa = XCBuildConfiguration;
			buildSettings = {
				ASSETCATALOG_COMPILER_APPICON_NAME = AppIcon;
				ASSETCATALOG_COMPILER_GLOBAL_ACCENT_COLOR_NAME = AccentColor;
				CODE_SIGN_STYLE = Automatic;
				CURRENT_PROJECT_VERSION = 1;
				GENERATE_INFOPLIST_FILE = YES;
				INFOPLIST_FILE = Flixster/Info.plist;
				INFOPLIST_KEY_UIApplicationSupportsIndirectInputEvents = YES;
				INFOPLIST_KEY_UILaunchStoryboardName = LaunchScreen;
				INFOPLIST_KEY_UIMainStoryboardFile = Main;
				INFOPLIST_KEY_UISupportedInterfaceOrientations_iPad = "UIInterfaceOrientationPortrait UIInterfaceOrientationPortraitUpsideDown UIInterfaceOrientationLandscapeLeft UIInterfaceOrientationLandscapeRight";
				INFOPLIST_KEY_UISupportedInterfaceOrientations_iPhone = "UIInterfaceOrientationPortrait UIInterfaceOrientationLandscapeLeft UIInterfaceOrientationLandscapeRight";
				LD_RUNPATH_SEARCH_PATHS = (
					"$(inherited)",
					"@executable_path/Frameworks",
				);
				MARKETING_VERSION = 1.0;
				PRODUCT_BUNDLE_IDENTIFIER = CodePath.Flixster;
				PRODUCT_NAME = "$(TARGET_NAME)";
				SWIFT_EMIT_LOC_STRINGS = YES;
				SWIFT_VERSION = 5.0;
				TARGETED_DEVICE_FAMILY = "1,2";
			};
			name = Debug;
		};
		2798FE7529B278B90024B26F /* Release */ = {
			isa = XCBuildConfiguration;
			buildSettings = {
				ASSETCATALOG_COMPILER_APPICON_NAME = AppIcon;
				ASSETCATALOG_COMPILER_GLOBAL_ACCENT_COLOR_NAME = AccentColor;
				CODE_SIGN_STYLE = Automatic;
				CURRENT_PROJECT_VERSION = 1;
				GENERATE_INFOPLIST_FILE = YES;
				INFOPLIST_FILE = Flixster/Info.plist;
				INFOPLIST_KEY_UIApplicationSupportsIndirectInputEvents = YES;
				INFOPLIST_KEY_UILaunchStoryboardName = LaunchScreen;
				INFOPLIST_KEY_UIMainStoryboardFile = Main;
				INFOPLIST_KEY_UISupportedInterfaceOrientations_iPad = "UIInterfaceOrientationPortrait UIInterfaceOrientationPortraitUpsideDown UIInterfaceOrientationLandscapeLeft UIInterfaceOrientationLandscapeRight";
				INFOPLIST_KEY_UISupportedInterfaceOrientations_iPhone = "UIInterfaceOrientationPortrait UIInterfaceOrientationLandscapeLeft UIInterfaceOrientationLandscapeRight";
				LD_RUNPATH_SEARCH_PATHS = (
					"$(inherited)",
					"@executable_path/Frameworks",
				);
				MARKETING_VERSION = 1.0;
				PRODUCT_BUNDLE_IDENTIFIER = CodePath.Flixster;
				PRODUCT_NAME = "$(TARGET_NAME)";
				SWIFT_EMIT_LOC_STRINGS = YES;
				SWIFT_VERSION = 5.0;
				TARGETED_DEVICE_FAMILY = "1,2";
			};
			name = Release;
		};
/* End XCBuildConfiguration section */

/* Begin XCConfigurationList section */
		2798FE5A29B278B80024B26F /* Build configuration list for PBXProject "Flixster" */ = {
			isa = XCConfigurationList;
			buildConfigurations = (
				2798FE7129B278B90024B26F /* Debug */,
				2798FE7229B278B90024B26F /* Release */,
			);
			defaultConfigurationIsVisible = 0;
			defaultConfigurationName = Release;
		};
		2798FE7329B278B90024B26F /* Build configuration list for PBXNativeTarget "Flixster" */ = {
			isa = XCConfigurationList;
			buildConfigurations = (
				2798FE7429B278B90024B26F /* Debug */,
				2798FE7529B278B90024B26F /* Release */,
			);
			defaultConfigurationIsVisible = 0;
			defaultConfigurationName = Release;
		};
/* End XCConfigurationList section */

/* Begin XCRemoteSwiftPackageReference section */
		2798FE7D29B28DA30024B26F /* XCRemoteSwiftPackageReference "Nuke" */ = {
			isa = XCRemoteSwiftPackageReference;
			repositoryURL = "https://github.com/kean/Nuke.git";
			requirement = {
				kind = upToNextMajorVersion;
				minimumVersion = 9.0.0;
			};
		};
/* End XCRemoteSwiftPackageReference section */

/* Begin XCSwiftPackageProductDependency section */
		2798FE7E29B28DA30024B26F /* Nuke */ = {
			isa = XCSwiftPackageProductDependency;
			package = 2798FE7D29B28DA30024B26F /* XCRemoteSwiftPackageReference "Nuke" */;
			productName = Nuke;
		};
/* End XCSwiftPackageProductDependency section */
	};
	rootObject = 2798FE5729B278B80024B26F /* Project object */;
}
